// !$*UTF8*$!
{
	archiveVersion = 1;
	classes = {
	};
	objectVersion = 77;
	objects = {

/* Begin PBXBuildFile section */
		CF75400E2E61F4DE00C42707 /* CombineMoya in Frameworks */ = {isa = PBXBuildFile; productRef = CF75400D2E61F4DE00C42707 /* CombineMoya */; };
		CF7540102E61F4DE00C42707 /* Moya in Frameworks */ = {isa = PBXBuildFile; productRef = CF75400F2E61F4DE00C42707 /* Moya */; };
/* End PBXBuildFile section */

/* Begin PBXContainerItemProxy section */
		CF753FEB2E61F1C400C42707 /* PBXContainerItemProxy */ = {
			isa = PBXContainerItemProxy;
			containerPortal = CF753FCD2E61F1C200C42707 /* Project object */;
			proxyType = 1;
			remoteGlobalIDString = CF753FD42E61F1C200C42707;
			remoteInfo = NewYorkTimesApp;
		};
		CF753FF52E61F1C400C42707 /* PBXContainerItemProxy */ = {
			isa = PBXContainerItemProxy;
			containerPortal = CF753FCD2E61F1C200C42707 /* Project object */;
			proxyType = 1;
			remoteGlobalIDString = CF753FD42E61F1C200C42707;
			remoteInfo = NewYorkTimesApp;
		};
/* End PBXContainerItemProxy section */

/* Begin PBXFileReference section */
		CF753FD52E61F1C200C42707 /* NewYorkTimesApp.app */ = {isa = PBXFileReference; explicitFileType = wrapper.application; includeInIndex = 0; path = NewYorkTimesApp.app; sourceTree = BUILT_PRODUCTS_DIR; };
		CF753FEA2E61F1C400C42707 /* NewYorkTimesAppTests.xctest */ = {isa = PBXFileReference; explicitFileType = wrapper.cfbundle; includeInIndex = 0; path = NewYorkTimesAppTests.xctest; sourceTree = BUILT_PRODUCTS_DIR; };
		CF753FF42E61F1C400C42707 /* NewYorkTimesAppUITests.xctest */ = {isa = PBXFileReference; explicitFileType = wrapper.cfbundle; includeInIndex = 0; path = NewYorkTimesAppUITests.xctest; sourceTree = BUILT_PRODUCTS_DIR; };
/* End PBXFileReference section */

/* Begin PBXFileSystemSynchronizedBuildFileExceptionSet section */
		CF7540202E61F82300C42707 /* Exceptions for "NewYorkTimesApp" folder in "NewYorkTimesApp" target */ = {
			isa = PBXFileSystemSynchronizedBuildFileExceptionSet;
			membershipExceptions = (
				Info.plist,
			);
			target = CF753FD42E61F1C200C42707 /* NewYorkTimesApp */;
		};
/* End PBXFileSystemSynchronizedBuildFileExceptionSet section */

/* Begin PBXFileSystemSynchronizedRootGroup section */
		CF753FD72E61F1C200C42707 /* NewYorkTimesApp */ = {
			isa = PBXFileSystemSynchronizedRootGroup;
			exceptions = (
				CF7540202E61F82300C42707 /* Exceptions for "NewYorkTimesApp" folder in "NewYorkTimesApp" target */,
			);
			path = NewYorkTimesApp;
			sourceTree = "<group>";
		};
		CF753FED2E61F1C400C42707 /* NewYorkTimesAppTests */ = {
			isa = PBXFileSystemSynchronizedRootGroup;
			path = NewYorkTimesAppTests;
			sourceTree = "<group>";
		};
/* End PBXFileSystemSynchronizedRootGroup section */

/* Begin PBXFrameworksBuildPhase section */
		CF753FD22E61F1C200C42707 /* Frameworks */ = {
			isa = PBXFrameworksBuildPhase;
			buildActionMask = 2147483647;
			files = (
				CF7540102E61F4DE00C42707 /* Moya in Frameworks */,
				CF75400E2E61F4DE00C42707 /* CombineMoya in Frameworks */,
			);
			runOnlyForDeploymentPostprocessing = 0;
		};
		CF753FE72E61F1C400C42707 /* Frameworks */ = {
			isa = PBXFrameworksBuildPhase;
			buildActionMask = 2147483647;
			files = (
			);
			runOnlyForDeploymentPostprocessing = 0;
		};
		CF753FF12E61F1C400C42707 /* Frameworks */ = {
			isa = PBXFrameworksBuildPhase;
			buildActionMask = 2147483647;
			files = (
			);
			runOnlyForDeploymentPostprocessing = 0;
		};
/* End PBXFrameworksBuildPhase section */

/* Begin PBXGroup section */
		CF753FCC2E61F1C200C42707 = {
			isa = PBXGroup;
			children = (
				CF753FD72E61F1C200C42707 /* NewYorkTimesApp */,
				CF753FED2E61F1C400C42707 /* NewYorkTimesAppTests */,
				CF753FD62E61F1C200C42707 /* Products */,
			);
			sourceTree = "<group>";
		};
		CF753FD62E61F1C200C42707 /* Products */ = {
			isa = PBXGroup;
			children = (
				CF753FD52E61F1C200C42707 /* NewYorkTimesApp.app */,
				CF753FEA2E61F1C400C42707 /* NewYorkTimesAppTests.xctest */,
				CF753FF42E61F1C400C42707 /* NewYorkTimesAppUITests.xctest */,
			);
			name = Products;
			sourceTree = "<group>";
		};
/* End PBXGroup section */

/* Begin PBXNativeTarget section */
		CF753FD42E61F1C200C42707 /* NewYorkTimesApp */ = {
			isa = PBXNativeTarget;
			buildConfigurationList = CF753FFE2E61F1C400C42707 /* Build configuration list for PBXNativeTarget "NewYorkTimesApp" */;
			buildPhases = (
				CF753FD12E61F1C200C42707 /* Sources */,
				CF753FD22E61F1C200C42707 /* Frameworks */,
				CF753FD32E61F1C200C42707 /* Resources */,
			);
			buildRules = (
			);
			dependencies = (
			);
			fileSystemSynchronizedGroups = (
				CF753FD72E61F1C200C42707 /* NewYorkTimesApp */,
			);
			name = NewYorkTimesApp;
			packageProductDependencies = (
				CF75400D2E61F4DE00C42707 /* CombineMoya */,
				CF75400F2E61F4DE00C42707 /* Moya */,
			);
			productName = NewYorkTimesApp;
			productReference = CF753FD52E61F1C200C42707 /* NewYorkTimesApp.app */;
			productType = "com.apple.product-type.application";
		};
		CF753FE92E61F1C400C42707 /* NewYorkTimesAppTests */ = {
			isa = PBXNativeTarget;
			buildConfigurationList = CF7540012E61F1C400C42707 /* Build configuration list for PBXNativeTarget "NewYorkTimesAppTests" */;
			buildPhases = (
				CF753FE62E61F1C400C42707 /* Sources */,
				CF753FE72E61F1C400C42707 /* Frameworks */,
				CF753FE82E61F1C400C42707 /* Resources */,
			);
			buildRules = (
			);
			dependencies = (
				CF753FEC2E61F1C400C42707 /* PBXTargetDependency */,
			);
			fileSystemSynchronizedGroups = (
				CF753FED2E61F1C400C42707 /* NewYorkTimesAppTests */,
			);
			name = NewYorkTimesAppTests;
			packageProductDependencies = (
			);
			productName = NewYorkTimesAppTests;
			productReference = CF753FEA2E61F1C400C42707 /* NewYorkTimesAppTests.xctest */;
			productType = "com.apple.product-type.bundle.unit-test";
		};
		CF753FF32E61F1C400C42707 /* NewYorkTimesAppUITests */ = {
			isa = PBXNativeTarget;
			buildConfigurationList = CF7540042E61F1C400C42707 /* Build configuration list for PBXNativeTarget "NewYorkTimesAppUITests" */;
			buildPhases = (
				CF753FF02E61F1C400C42707 /* Sources */,
				CF753FF12E61F1C400C42707 /* Frameworks */,
				CF753FF22E61F1C400C42707 /* Resources */,
			);
			buildRules = (
			);
			dependencies = (
				CF753FF62E61F1C400C42707 /* PBXTargetDependency */,
			);
			name = NewYorkTimesAppUITests;
			packageProductDependencies = (
			);
			productName = NewYorkTimesAppUITests;
			productReference = CF753FF42E61F1C400C42707 /* NewYorkTimesAppUITests.xctest */;
			productType = "com.apple.product-type.bundle.ui-testing";
		};
/* End PBXNativeTarget section */

/* Begin PBXProject section */
		CF753FCD2E61F1C200C42707 /* Project object */ = {
			isa = PBXProject;
			attributes = {
				BuildIndependentTargetsInParallel = 1;
				LastSwiftUpdateCheck = 1620;
				LastUpgradeCheck = 1620;
				TargetAttributes = {
					CF753FD42E61F1C200C42707 = {
						CreatedOnToolsVersion = 16.2;
					};
					CF753FE92E61F1C400C42707 = {
						CreatedOnToolsVersion = 16.2;
						TestTargetID = CF753FD42E61F1C200C42707;
					};
					CF753FF32E61F1C400C42707 = {
						CreatedOnToolsVersion = 16.2;
						TestTargetID = CF753FD42E61F1C200C42707;
					};
				};
			};
			buildConfigurationList = CF753FD02E61F1C200C42707 /* Build configuration list for PBXProject "NewYorkTimesApp" */;
			developmentRegion = en;
			hasScannedForEncodings = 0;
			knownRegions = (
				en,
				Base,
			);
			mainGroup = CF753FCC2E61F1C200C42707;
			minimizedProjectReferenceProxies = 1;
			packageReferences = (
				CF75400C2E61F4DE00C42707 /* XCRemoteSwiftPackageReference "Moya" */,
			);
			preferredProjectObjectVersion = 77;
			productRefGroup = CF753FD62E61F1C200C42707 /* Products */;
			projectDirPath = "";
			projectRoot = "";
			targets = (
				CF753FD42E61F1C200C42707 /* NewYorkTimesApp */,
				CF753FE92E61F1C400C42707 /* NewYorkTimesAppTests */,
				CF753FF32E61F1C400C42707 /* NewYorkTimesAppUITests */,
			);
		};
/* End PBXProject section */

/* Begin PBXResourcesBuildPhase section */
		CF753FD32E61F1C200C42707 /* Resources */ = {
			isa = PBXResourcesBuildPhase;
			buildActionMask = 2147483647;
			files = (
			);
			runOnlyForDeploymentPostprocessing = 0;
		};
		CF753FE82E61F1C400C42707 /* Resources */ = {
			isa = PBXResourcesBuildPhase;
			buildActionMask = 2147483647;
			files = (
			);
			runOnlyForDeploymentPostprocessing = 0;
		};
		CF753FF22E61F1C400C42707 /* Resources */ = {
			isa = PBXResourcesBuildPhase;
			buildActionMask = 2147483647;
			files = (
			);
			runOnlyForDeploymentPostprocessing = 0;
		};
/* End PBXResourcesBuildPhase section */

/* Begin PBXSourcesBuildPhase section */
		CF753FD12E61F1C200C42707 /* Sources */ = {
			isa = PBXSourcesBuildPhase;
			buildActionMask = 2147483647;
			files = (
			);
			runOnlyForDeploymentPostprocessing = 0;
		};
		CF753FE62E61F1C400C42707 /* Sources */ = {
			isa = PBXSourcesBuildPhase;
			buildActionMask = 2147483647;
			files = (
			);
			runOnlyForDeploymentPostprocessing = 0;
		};
		CF753FF02E61F1C400C42707 /* Sources */ = {
			isa = PBXSourcesBuildPhase;
			buildActionMask = 2147483647;
			files = (
			);
			runOnlyForDeploymentPostprocessing = 0;
		};
/* End PBXSourcesBuildPhase section */

/* Begin PBXTargetDependency section */
		CF753FEC2E61F1C400C42707 /* PBXTargetDependency */ = {
			isa = PBXTargetDependency;
			target = CF753FD42E61F1C200C42707 /* NewYorkTimesApp */;
			targetProxy = CF753FEB2E61F1C400C42707 /* PBXContainerItemProxy */;
		};
		CF753FF62E61F1C400C42707 /* PBXTargetDependency */ = {
			isa = PBXTargetDependency;
			target = CF753FD42E61F1C200C42707 /* NewYorkTimesApp */;
			targetProxy = CF753FF52E61F1C400C42707 /* PBXContainerItemProxy */;
		};
/* End PBXTargetDependency section */

/* Begin XCBuildConfiguration section */
		CF753FFC2E61F1C400C42707 /* Debug */ = {
			isa = XCBuildConfiguration;
			buildSettings = {
				ALWAYS_SEARCH_USER_PATHS = NO;
				ASSETCATALOG_COMPILER_GENERATE_SWIFT_ASSET_SYMBOL_EXTENSIONS = YES;
				CLANG_ANALYZER_NONNULL = YES;
				CLANG_ANALYZER_NUMBER_OBJECT_CONVERSION = YES_AGGRESSIVE;
				CLANG_CXX_LANGUAGE_STANDARD = "gnu++20";
				CLANG_ENABLE_MODULES = YES;
				CLANG_ENABLE_OBJC_ARC = YES;
				CLANG_ENABLE_OBJC_WEAK = YES;
				CLANG_WARN_BLOCK_CAPTURE_AUTORELEASING = YES;
				CLANG_WARN_BOOL_CONVERSION = YES;
				CLANG_WARN_COMMA = YES;
				CLANG_WARN_CONSTANT_CONVERSION = YES;
				CLANG_WARN_DEPRECATED_OBJC_IMPLEMENTATIONS = YES;
				CLANG_WARN_DIRECT_OBJC_ISA_USAGE = YES_ERROR;
				CLANG_WARN_DOCUMENTATION_COMMENTS = YES;
				CLANG_WARN_EMPTY_BODY = YES;
				CLANG_WARN_ENUM_CONVERSION = YES;
				CLANG_WARN_INFINITE_RECURSION = YES;
				CLANG_WARN_INT_CONVERSION = YES;
				CLANG_WARN_NON_LITERAL_NULL_CONVERSION = YES;
				CLANG_WARN_OBJC_IMPLICIT_RETAIN_SELF = YES;
				CLANG_WARN_OBJC_LITERAL_CONVERSION = YES;
				CLANG_WARN_OBJC_ROOT_CLASS = YES_ERROR;
				CLANG_WARN_QUOTED_INCLUDE_IN_FRAMEWORK_HEADER = YES;
				CLANG_WARN_RANGE_LOOP_ANALYSIS = YES;
				CLANG_WARN_STRICT_PROTOTYPES = YES;
				CLANG_WARN_SUSPICIOUS_MOVE = YES;
				CLANG_WARN_UNGUARDED_AVAILABILITY = YES_AGGRESSIVE;
				CLANG_WARN_UNREACHABLE_CODE = YES;
				CLANG_WARN__DUPLICATE_METHOD_MATCH = YES;
				COPY_PHASE_STRIP = NO;
				DEBUG_INFORMATION_FORMAT = dwarf;
				ENABLE_STRICT_OBJC_MSGSEND = YES;
				ENABLE_TESTABILITY = YES;
				ENABLE_USER_SCRIPT_SANDBOXING = YES;
				GCC_C_LANGUAGE_STANDARD = gnu17;
				GCC_DYNAMIC_NO_PIC = NO;
				GCC_NO_COMMON_BLOCKS = YES;
				GCC_OPTIMIZATION_LEVEL = 0;
				GCC_PREPROCESSOR_DEFINITIONS = (
					"DEBUG=1",
					"$(inherited)",
				);
				GCC_WARN_64_TO_32_BIT_CONVERSION = YES;
				GCC_WARN_ABOUT_RETURN_TYPE = YES_ERROR;
				GCC_WARN_UNDECLARED_SELECTOR = YES;
				GCC_WARN_UNINITIALIZED_AUTOS = YES_AGGRESSIVE;
				GCC_WARN_UNUSED_FUNCTION = YES;
				GCC_WARN_UNUSED_VARIABLE = YES;
				IPHONEOS_DEPLOYMENT_TARGET = 18.2;
				LOCALIZATION_PREFERS_STRING_CATALOGS = YES;
				MTL_ENABLE_DEBUG_INFO = INCLUDE_SOURCE;
				MTL_FAST_MATH = YES;
				ONLY_ACTIVE_ARCH = YES;
				SDKROOT = iphoneos;
				SWIFT_ACTIVE_COMPILATION_CONDITIONS = "DEBUG $(inherited)";
				SWIFT_OPTIMIZATION_LEVEL = "-Onone";
			};
			name = Debug;
		};
		CF753FFD2E61F1C400C42707 /* Release */ = {
			isa = XCBuildConfiguration;
			buildSettings = {
				ALWAYS_SEARCH_USER_PATHS = NO;
				ASSETCATALOG_COMPILER_GENERATE_SWIFT_ASSET_SYMBOL_EXTENSIONS = YES;
				CLANG_ANALYZER_NONNULL = YES;
				CLANG_ANALYZER_NUMBER_OBJECT_CONVERSION = YES_AGGRESSIVE;
				CLANG_CXX_LANGUAGE_STANDARD = "gnu++20";
				CLANG_ENABLE_MODULES = YES;
				CLANG_ENABLE_OBJC_ARC = YES;
				CLANG_ENABLE_OBJC_WEAK = YES;
				CLANG_WARN_BLOCK_CAPTURE_AUTORELEASING = YES;
				CLANG_WARN_BOOL_CONVERSION = YES;
				CLANG_WARN_COMMA = YES;
				CLANG_WARN_CONSTANT_CONVERSION = YES;
				CLANG_WARN_DEPRECATED_OBJC_IMPLEMENTATIONS = YES;
				CLANG_WARN_DIRECT_OBJC_ISA_USAGE = YES_ERROR;
				CLANG_WARN_DOCUMENTATION_COMMENTS = YES;
				CLANG_WARN_EMPTY_BODY = YES;
				CLANG_WARN_ENUM_CONVERSION = YES;
				CLANG_WARN_INFINITE_RECURSION = YES;
				CLANG_WARN_INT_CONVERSION = YES;
				CLANG_WARN_NON_LITERAL_NULL_CONVERSION = YES;
				CLANG_WARN_OBJC_IMPLICIT_RETAIN_SELF = YES;
				CLANG_WARN_OBJC_LITERAL_CONVERSION = YES;
				CLANG_WARN_OBJC_ROOT_CLASS = YES_ERROR;
				CLANG_WARN_QUOTED_INCLUDE_IN_FRAMEWORK_HEADER = YES;
				CLANG_WARN_RANGE_LOOP_ANALYSIS = YES;
				CLANG_WARN_STRICT_PROTOTYPES = YES;
				CLANG_WARN_SUSPICIOUS_MOVE = YES;
				CLANG_WARN_UNGUARDED_AVAILABILITY = YES_AGGRESSIVE;
				CLANG_WARN_UNREACHABLE_CODE = YES;
				CLANG_WARN__DUPLICATE_METHOD_MATCH = YES;
				COPY_PHASE_STRIP = NO;
				DEBUG_INFORMATION_FORMAT = "dwarf-with-dsym";
				ENABLE_NS_ASSERTIONS = NO;
				ENABLE_STRICT_OBJC_MSGSEND = YES;
				ENABLE_USER_SCRIPT_SANDBOXING = YES;
				GCC_C_LANGUAGE_STANDARD = gnu17;
				GCC_NO_COMMON_BLOCKS = YES;
				GCC_WARN_64_TO_32_BIT_CONVERSION = YES;
				GCC_WARN_ABOUT_RETURN_TYPE = YES_ERROR;
				GCC_WARN_UNDECLARED_SELECTOR = YES;
				GCC_WARN_UNINITIALIZED_AUTOS = YES_AGGRESSIVE;
				GCC_WARN_UNUSED_FUNCTION = YES;
				GCC_WARN_UNUSED_VARIABLE = YES;
				IPHONEOS_DEPLOYMENT_TARGET = 18.2;
				LOCALIZATION_PREFERS_STRING_CATALOGS = YES;
				MTL_ENABLE_DEBUG_INFO = NO;
				MTL_FAST_MATH = YES;
				SDKROOT = iphoneos;
				SWIFT_COMPILATION_MODE = wholemodule;
				VALIDATE_PRODUCT = YES;
			};
			name = Release;
		};
		CF753FFF2E61F1C400C42707 /* Debug */ = {
			isa = XCBuildConfiguration;
			buildSettings = {
				ASSETCATALOG_COMPILER_APPICON_NAME = AppIcon;
				ASSETCATALOG_COMPILER_GLOBAL_ACCENT_COLOR_NAME = AccentColor;
				CODE_SIGN_STYLE = Automatic;
				CURRENT_PROJECT_VERSION = 1;
				DEVELOPMENT_ASSET_PATHS = "\"NewYorkTimesApp/Preview Content\"";
				DEVELOPMENT_TEAM = N936TX7YVC;
				ENABLE_PREVIEWS = YES;
				GENERATE_INFOPLIST_FILE = YES;
				INFOPLIST_FILE = NewYorkTimesApp/Info.plist;
				INFOPLIST_KEY_UIApplicationSceneManifest_Generation = YES;
				INFOPLIST_KEY_UIApplicationSupportsIndirectInputEvents = YES;
				INFOPLIST_KEY_UILaunchScreen_Generation = YES;
				INFOPLIST_KEY_UISupportedInterfaceOrientations_iPad = "UIInterfaceOrientationPortrait UIInterfaceOrientationPortraitUpsideDown UIInterfaceOrientationLandscapeLeft UIInterfaceOrientationLandscapeRight";
				INFOPLIST_KEY_UISupportedInterfaceOrientations_iPhone = "UIInterfaceOrientationPortrait UIInterfaceOrientationLandscapeLeft UIInterfaceOrientationLandscapeRight";
				LD_RUNPATH_SEARCH_PATHS = (
					"$(inherited)",
					"@executable_path/Frameworks",
				);
				MARKETING_VERSION = 1.0;
				PRODUCT_BUNDLE_IDENTIFIER = com.rayan.NewYorkTimesApp;
				PRODUCT_NAME = "$(TARGET_NAME)";
				SWIFT_EMIT_LOC_STRINGS = YES;
				SWIFT_VERSION = 5.0;
				TARGETED_DEVICE_FAMILY = "1,2";
			};
			name = Debug;
		};
		CF7540002E61F1C400C42707 /* Release */ = {
			isa = XCBuildConfiguration;
			buildSettings = {
				ASSETCATALOG_COMPILER_APPICON_NAME = AppIcon;
				ASSETCATALOG_COMPILER_GLOBAL_ACCENT_COLOR_NAME = AccentColor;
				CODE_SIGN_STYLE = Automatic;
				CURRENT_PROJECT_VERSION = 1;
				DEVELOPMENT_ASSET_PATHS = "\"NewYorkTimesApp/Preview Content\"";
				DEVELOPMENT_TEAM = N936TX7YVC;
				ENABLE_PREVIEWS = YES;
				GENERATE_INFOPLIST_FILE = YES;
				INFOPLIST_FILE = NewYorkTimesApp/Info.plist;
				INFOPLIST_KEY_UIApplicationSceneManifest_Generation = YES;
				INFOPLIST_KEY_UIApplicationSupportsIndirectInputEvents = YES;
				INFOPLIST_KEY_UILaunchScreen_Generation = YES;
				INFOPLIST_KEY_UISupportedInterfaceOrientations_iPad = "UIInterfaceOrientationPortrait UIInterfaceOrientationPortraitUpsideDown UIInterfaceOrientationLandscapeLeft UIInterfaceOrientationLandscapeRight";
				INFOPLIST_KEY_UISupportedInterfaceOrientations_iPhone = "UIInterfaceOrientationPortrait UIInterfaceOrientationLandscapeLeft UIInterfaceOrientationLandscapeRight";
				LD_RUNPATH_SEARCH_PATHS = (
					"$(inherited)",
					"@executable_path/Frameworks",
				);
				MARKETING_VERSION = 1.0;
				PRODUCT_BUNDLE_IDENTIFIER = com.rayan.NewYorkTimesApp;
				PRODUCT_NAME = "$(TARGET_NAME)";
				SWIFT_EMIT_LOC_STRINGS = YES;
				SWIFT_VERSION = 5.0;
				TARGETED_DEVICE_FAMILY = "1,2";
			};
			name = Release;
		};
		CF7540022E61F1C400C42707 /* Debug */ = {
			isa = XCBuildConfiguration;
			buildSettings = {
				BUNDLE_LOADER = "$(TEST_HOST)";
				CODE_SIGN_STYLE = Automatic;
				CURRENT_PROJECT_VERSION = 1;
				DEVELOPMENT_TEAM = N936TX7YVC;
				GENERATE_INFOPLIST_FILE = YES;
				IPHONEOS_DEPLOYMENT_TARGET = 18.2;
				MARKETING_VERSION = 1.0;
				PRODUCT_BUNDLE_IDENTIFIER = com.rayan.NewYorkTimesAppTests;
				PRODUCT_NAME = "$(TARGET_NAME)";
				SWIFT_EMIT_LOC_STRINGS = NO;
				SWIFT_VERSION = 5.0;
				TARGETED_DEVICE_FAMILY = "1,2";
				TEST_HOST = "$(BUILT_PRODUCTS_DIR)/NewYorkTimesApp.app/$(BUNDLE_EXECUTABLE_FOLDER_PATH)/NewYorkTimesApp";
			};
			name = Debug;
		};
		CF7540032E61F1C400C42707 /* Release */ = {
			isa = XCBuildConfiguration;
			buildSettings = {
				BUNDLE_LOADER = "$(TEST_HOST)";
				CODE_SIGN_STYLE = Automatic;
				CURRENT_PROJECT_VERSION = 1;
				DEVELOPMENT_TEAM = N936TX7YVC;
				GENERATE_INFOPLIST_FILE = YES;
				IPHONEOS_DEPLOYMENT_TARGET = 18.2;
				MARKETING_VERSION = 1.0;
				PRODUCT_BUNDLE_IDENTIFIER = com.rayan.NewYorkTimesAppTests;
				PRODUCT_NAME = "$(TARGET_NAME)";
				SWIFT_EMIT_LOC_STRINGS = NO;
				SWIFT_VERSION = 5.0;
				TARGETED_DEVICE_FAMILY = "1,2";
				TEST_HOST = "$(BUILT_PRODUCTS_DIR)/NewYorkTimesApp.app/$(BUNDLE_EXECUTABLE_FOLDER_PATH)/NewYorkTimesApp";
			};
			name = Release;
		};
		CF7540052E61F1C400C42707 /* Debug */ = {
			isa = XCBuildConfiguration;
			buildSettings = {
				CODE_SIGN_STYLE = Automatic;
				CURRENT_PROJECT_VERSION = 1;
				DEVELOPMENT_TEAM = N936TX7YVC;
				GENERATE_INFOPLIST_FILE = YES;
				MARKETING_VERSION = 1.0;
				PRODUCT_BUNDLE_IDENTIFIER = com.rayan.NewYorkTimesAppUITests;
				PRODUCT_NAME = "$(TARGET_NAME)";
				SWIFT_EMIT_LOC_STRINGS = NO;
				SWIFT_VERSION = 5.0;
				TARGETED_DEVICE_FAMILY = "1,2";
				TEST_TARGET_NAME = NewYorkTimesApp;
			};
			name = Debug;
		};
		CF7540062E61F1C400C42707 /* Release */ = {
			isa = XCBuildConfiguration;
			buildSettings = {
				CODE_SIGN_STYLE = Automatic;
				CURRENT_PROJECT_VERSION = 1;
				DEVELOPMENT_TEAM = N936TX7YVC;
				GENERATE_INFOPLIST_FILE = YES;
				MARKETING_VERSION = 1.0;
				PRODUCT_BUNDLE_IDENTIFIER = com.rayan.NewYorkTimesAppUITests;
				PRODUCT_NAME = "$(TARGET_NAME)";
				SWIFT_EMIT_LOC_STRINGS = NO;
				SWIFT_VERSION = 5.0;
				TARGETED_DEVICE_FAMILY = "1,2";
				TEST_TARGET_NAME = NewYorkTimesApp;
			};
			name = Release;
		};
/* End XCBuildConfiguration section */

/* Begin XCConfigurationList section */
		CF753FD02E61F1C200C42707 /* Build configuration list for PBXProject "NewYorkTimesApp" */ = {
			isa = XCConfigurationList;
			buildConfigurations = (
				CF753FFC2E61F1C400C42707 /* Debug */,
				CF753FFD2E61F1C400C42707 /* Release */,
			);
			defaultConfigurationIsVisible = 0;
			defaultConfigurationName = Release;
		};
		CF753FFE2E61F1C400C42707 /* Build configuration list for PBXNativeTarget "NewYorkTimesApp" */ = {
			isa = XCConfigurationList;
			buildConfigurations = (
				CF753FFF2E61F1C400C42707 /* Debug */,
				CF7540002E61F1C400C42707 /* Release */,
			);
			defaultConfigurationIsVisible = 0;
			defaultConfigurationName = Release;
		};
		CF7540012E61F1C400C42707 /* Build configuration list for PBXNativeTarget "NewYorkTimesAppTests" */ = {
			isa = XCConfigurationList;
			buildConfigurations = (
				CF7540022E61F1C400C42707 /* Debug */,
				CF7540032E61F1C400C42707 /* Release */,
			);
			defaultConfigurationIsVisible = 0;
			defaultConfigurationName = Release;
		};
		CF7540042E61F1C400C42707 /* Build configuration list for PBXNativeTarget "NewYorkTimesAppUITests" */ = {
			isa = XCConfigurationList;
			buildConfigurations = (
				CF7540052E61F1C400C42707 /* Debug */,
				CF7540062E61F1C400C42707 /* Release */,
			);
			defaultConfigurationIsVisible = 0;
			defaultConfigurationName = Release;
		};
/* End XCConfigurationList section */

/* Begin XCRemoteSwiftPackageReference section */
		CF75400C2E61F4DE00C42707 /* XCRemoteSwiftPackageReference "Moya" */ = {
			isa = XCRemoteSwiftPackageReference;
			repositoryURL = "https://github.com/Moya/Moya";
			requirement = {
				kind = upToNextMajorVersion;
				minimumVersion = 15.0.3;
			};
		};
/* End XCRemoteSwiftPackageReference section */

/* Begin XCSwiftPackageProductDependency section */
		CF75400D2E61F4DE00C42707 /* CombineMoya */ = {
			isa = XCSwiftPackageProductDependency;
			package = CF75400C2E61F4DE00C42707 /* XCRemoteSwiftPackageReference "Moya" */;
			productName = CombineMoya;
		};
		CF75400F2E61F4DE00C42707 /* Moya */ = {
			isa = XCSwiftPackageProductDependency;
			package = CF75400C2E61F4DE00C42707 /* XCRemoteSwiftPackageReference "Moya" */;
			productName = Moya;
		};
/* End XCSwiftPackageProductDependency section */
	};
	rootObject = CF753FCD2E61F1C200C42707 /* Project object */;
}
